
Microsoft Visual Studio Solution File, Format Version 12.00
# Visual Studio Version 17
VisualStudioVersion = 17.9.34622.214
MinimumVisualStudioVersion = 10.0.40219.1
Project("{FAE04EC0-301F-11D3-BF4B-00C04F79EFBC}") = "practica 1.1", "practica 1.1\practica 1.1.csproj", "{6771AF91-B1DC-4BB5-BBA1-7D383A638F58}"
EndProject
Global
	GlobalSection(SolutionConfigurationPlatforms) = preSolution
		Debug|Any CPU = Debug|Any CPU
		Release|Any CPU = Release|Any CPU
	EndGlobalSection
	GlobalSection(ProjectConfigurationPlatforms) = postSolution
		{6771AF91-B1DC-4BB5-BBA1-7D383A638F58}.Debug|Any CPU.ActiveCfg = Debug|Any CPU
		{6771AF91-B1DC-4BB5-BBA1-7D383A638F58}.Debug|Any CPU.Build.0 = Debug|Any CPU
		{6771AF91-B1DC-4BB5-BBA1-7D383A638F58}.Release|Any CPU.ActiveCfg = Release|Any CPU
		{6771AF91-B1DC-4BB5-BBA1-7D383A638F58}.Release|Any CPU.Build.0 = Release|Any CPU
	EndGlobalSection
	GlobalSection(SolutionProperties) = preSolution
		HideSolutionNode = FALSE
	EndGlobalSection
	GlobalSection(ExtensibilityGlobals) = postSolution
		SolutionGuid = {5FFDEA2C-7102-43DA-9EF2-45696A917ACA}
	EndGlobalSection
EndGlobal
